
Microsoft Visual Studio Solution File, Format Version 12.00
# Visual Studio 14
VisualStudioVersion = 14.0.25420.1
MinimumVisualStudioVersion = 10.0.40219.1
Project("{FAE04EC0-301F-11D3-BF4B-00C04F79EFBC}") = "searchOUI", "searchOUI\searchOUI.csproj", "{4C85B4BB-0263-4091-B8E9-59DE0D83F5B5}"
EndProject
Project("{FAE04EC0-301F-11D3-BF4B-00C04F79EFBC}") = "searchOUI-Console", "searchOUI-Console\searchOUI-Console.csproj", "{E431A178-3D36-44E1-9E32-8876CBCE6CCC}"
EndProject
Project("{FAE04EC0-301F-11D3-BF4B-00C04F79EFBC}") = "searchOUI-Common", "searchOUI-Common\searchOUI-Common.csproj", "{15736059-3492-4199-9153-C24B7AD83BD9}"
EndProject
Project("{54435603-DBB4-11D2-8724-00A0C9A8B90C}") = "searchOUI-Setup", "searchOUI-Setup\searchOUI-Setup.vdproj", "{463CB338-3941-4976-8AF0-C3D04D20A921}"
EndProject
Project("{FAE04EC0-301F-11D3-BF4B-00C04F79EFBC}") = "searchOUI-UAP", "searchOUI-UAP\searchOUI-UAP.csproj", "{3E8BC905-7976-40CF-A27D-CE835361C76F}"
EndProject
Global
	GlobalSection(SolutionConfigurationPlatforms) = preSolution
		Debug|Any CPU = Debug|Any CPU
		Debug|ARM = Debug|ARM
		Debug|x64 = Debug|x64
		Debug|x86 = Debug|x86
		Release|Any CPU = Release|Any CPU
		Release|ARM = Release|ARM
		Release|x64 = Release|x64
		Release|x86 = Release|x86
		Standard Release|Any CPU = Standard Release|Any CPU
		Standard Release|ARM = Standard Release|ARM
		Standard Release|x64 = Standard Release|x64
		Standard Release|x86 = Standard Release|x86
	EndGlobalSection
	GlobalSection(ProjectConfigurationPlatforms) = postSolution
		{4C85B4BB-0263-4091-B8E9-59DE0D83F5B5}.Debug|Any CPU.ActiveCfg = Debug|Any CPU
		{4C85B4BB-0263-4091-B8E9-59DE0D83F5B5}.Debug|Any CPU.Build.0 = Debug|Any CPU
		{4C85B4BB-0263-4091-B8E9-59DE0D83F5B5}.Debug|ARM.ActiveCfg = Debug|Any CPU
		{4C85B4BB-0263-4091-B8E9-59DE0D83F5B5}.Debug|ARM.Build.0 = Debug|Any CPU
		{4C85B4BB-0263-4091-B8E9-59DE0D83F5B5}.Debug|x64.ActiveCfg = Debug|Any CPU
		{4C85B4BB-0263-4091-B8E9-59DE0D83F5B5}.Debug|x64.Build.0 = Debug|Any CPU
		{4C85B4BB-0263-4091-B8E9-59DE0D83F5B5}.Debug|x86.ActiveCfg = Debug|Any CPU
		{4C85B4BB-0263-4091-B8E9-59DE0D83F5B5}.Debug|x86.Build.0 = Debug|Any CPU
		{4C85B4BB-0263-4091-B8E9-59DE0D83F5B5}.Release|Any CPU.ActiveCfg = Release|Any CPU
		{4C85B4BB-0263-4091-B8E9-59DE0D83F5B5}.Release|Any CPU.Build.0 = Release|Any CPU
		{4C85B4BB-0263-4091-B8E9-59DE0D83F5B5}.Release|ARM.ActiveCfg = Release|Any CPU
		{4C85B4BB-0263-4091-B8E9-59DE0D83F5B5}.Release|ARM.Build.0 = Release|Any CPU
		{4C85B4BB-0263-4091-B8E9-59DE0D83F5B5}.Release|x64.ActiveCfg = Release|Any CPU
		{4C85B4BB-0263-4091-B8E9-59DE0D83F5B5}.Release|x64.Build.0 = Release|Any CPU
		{4C85B4BB-0263-4091-B8E9-59DE0D83F5B5}.Release|x86.ActiveCfg = Release|Any CPU
		{4C85B4BB-0263-4091-B8E9-59DE0D83F5B5}.Release|x86.Build.0 = Release|Any CPU
		{4C85B4BB-0263-4091-B8E9-59DE0D83F5B5}.Standard Release|Any CPU.ActiveCfg = Standard Release|Any CPU
		{4C85B4BB-0263-4091-B8E9-59DE0D83F5B5}.Standard Release|Any CPU.Build.0 = Standard Release|Any CPU
		{4C85B4BB-0263-4091-B8E9-59DE0D83F5B5}.Standard Release|ARM.ActiveCfg = Standard Release|Any CPU
		{4C85B4BB-0263-4091-B8E9-59DE0D83F5B5}.Standard Release|ARM.Build.0 = Standard Release|Any CPU
		{4C85B4BB-0263-4091-B8E9-59DE0D83F5B5}.Standard Release|x64.ActiveCfg = Standard Release|Any CPU
		{4C85B4BB-0263-4091-B8E9-59DE0D83F5B5}.Standard Release|x64.Build.0 = Standard Release|Any CPU
		{4C85B4BB-0263-4091-B8E9-59DE0D83F5B5}.Standard Release|x86.ActiveCfg = Standard Release|Any CPU
		{4C85B4BB-0263-4091-B8E9-59DE0D83F5B5}.Standard Release|x86.Build.0 = Standard Release|Any CPU
		{E431A178-3D36-44E1-9E32-8876CBCE6CCC}.Debug|Any CPU.ActiveCfg = Debug|Any CPU
		{E431A178-3D36-44E1-9E32-8876CBCE6CCC}.Debug|Any CPU.Build.0 = Debug|Any CPU
		{E431A178-3D36-44E1-9E32-8876CBCE6CCC}.Debug|ARM.ActiveCfg = Debug|Any CPU
		{E431A178-3D36-44E1-9E32-8876CBCE6CCC}.Debug|ARM.Build.0 = Debug|Any CPU
		{E431A178-3D36-44E1-9E32-8876CBCE6CCC}.Debug|x64.ActiveCfg = Debug|Any CPU
		{E431A178-3D36-44E1-9E32-8876CBCE6CCC}.Debug|x64.Build.0 = Debug|Any CPU
		{E431A178-3D36-44E1-9E32-8876CBCE6CCC}.Debug|x86.ActiveCfg = Debug|Any CPU
		{E431A178-3D36-44E1-9E32-8876CBCE6CCC}.Debug|x86.Build.0 = Debug|Any CPU
		{E431A178-3D36-44E1-9E32-8876CBCE6CCC}.Release|Any CPU.ActiveCfg = Release|Any CPU
		{E431A178-3D36-44E1-9E32-8876CBCE6CCC}.Release|Any CPU.Build.0 = Release|Any CPU
		{E431A178-3D36-44E1-9E32-8876CBCE6CCC}.Release|ARM.ActiveCfg = Release|Any CPU
		{E431A178-3D36-44E1-9E32-8876CBCE6CCC}.Release|ARM.Build.0 = Release|Any CPU
		{E431A178-3D36-44E1-9E32-8876CBCE6CCC}.Release|x64.ActiveCfg = Release|Any CPU
		{E431A178-3D36-44E1-9E32-8876CBCE6CCC}.Release|x64.Build.0 = Release|Any CPU
		{E431A178-3D36-44E1-9E32-8876CBCE6CCC}.Release|x86.ActiveCfg = Release|Any CPU
		{E431A178-3D36-44E1-9E32-8876CBCE6CCC}.Release|x86.Build.0 = Release|Any CPU
		{E431A178-3D36-44E1-9E32-8876CBCE6CCC}.Standard Release|Any CPU.ActiveCfg = Standard Release|Any CPU
		{E431A178-3D36-44E1-9E32-8876CBCE6CCC}.Standard Release|Any CPU.Build.0 = Standard Release|Any CPU
		{E431A178-3D36-44E1-9E32-8876CBCE6CCC}.Standard Release|ARM.ActiveCfg = Standard Release|Any CPU
		{E431A178-3D36-44E1-9E32-8876CBCE6CCC}.Standard Release|ARM.Build.0 = Standard Release|Any CPU
		{E431A178-3D36-44E1-9E32-8876CBCE6CCC}.Standard Release|x64.ActiveCfg = Standard Release|Any CPU
		{E431A178-3D36-44E1-9E32-8876CBCE6CCC}.Standard Release|x64.Build.0 = Standard Release|Any CPU
		{E431A178-3D36-44E1-9E32-8876CBCE6CCC}.Standard Release|x86.ActiveCfg = Standard Release|Any CPU
		{E431A178-3D36-44E1-9E32-8876CBCE6CCC}.Standard Release|x86.Build.0 = Standard Release|Any CPU
		{15736059-3492-4199-9153-C24B7AD83BD9}.Debug|Any CPU.ActiveCfg = Debug|Any CPU
		{15736059-3492-4199-9153-C24B7AD83BD9}.Debug|Any CPU.Build.0 = Debug|Any CPU
		{15736059-3492-4199-9153-C24B7AD83BD9}.Debug|ARM.ActiveCfg = Debug|Any CPU
		{15736059-3492-4199-9153-C24B7AD83BD9}.Debug|ARM.Build.0 = Debug|Any CPU
		{15736059-3492-4199-9153-C24B7AD83BD9}.Debug|x64.ActiveCfg = Debug|Any CPU
		{15736059-3492-4199-9153-C24B7AD83BD9}.Debug|x64.Build.0 = Debug|Any CPU
		{15736059-3492-4199-9153-C24B7AD83BD9}.Debug|x86.ActiveCfg = Debug|Any CPU
		{15736059-3492-4199-9153-C24B7AD83BD9}.Debug|x86.Build.0 = Debug|Any CPU
		{15736059-3492-4199-9153-C24B7AD83BD9}.Release|Any CPU.ActiveCfg = Release|Any CPU
		{15736059-3492-4199-9153-C24B7AD83BD9}.Release|Any CPU.Build.0 = Release|Any CPU
		{15736059-3492-4199-9153-C24B7AD83BD9}.Release|ARM.ActiveCfg = Release|Any CPU
		{15736059-3492-4199-9153-C24B7AD83BD9}.Release|ARM.Build.0 = Release|Any CPU
		{15736059-3492-4199-9153-C24B7AD83BD9}.Release|x64.ActiveCfg = Release|Any CPU
		{15736059-3492-4199-9153-C24B7AD83BD9}.Release|x64.Build.0 = Release|Any CPU
		{15736059-3492-4199-9153-C24B7AD83BD9}.Release|x86.ActiveCfg = Release|Any CPU
		{15736059-3492-4199-9153-C24B7AD83BD9}.Release|x86.Build.0 = Release|Any CPU
		{15736059-3492-4199-9153-C24B7AD83BD9}.Standard Release|Any CPU.ActiveCfg = Standard Release|Any CPU
		{15736059-3492-4199-9153-C24B7AD83BD9}.Standard Release|Any CPU.Build.0 = Standard Release|Any CPU
		{15736059-3492-4199-9153-C24B7AD83BD9}.Standard Release|ARM.ActiveCfg = Standard Release|Any CPU
		{15736059-3492-4199-9153-C24B7AD83BD9}.Standard Release|ARM.Build.0 = Standard Release|Any CPU
		{15736059-3492-4199-9153-C24B7AD83BD9}.Standard Release|x64.ActiveCfg = Standard Release|Any CPU
		{15736059-3492-4199-9153-C24B7AD83BD9}.Standard Release|x64.Build.0 = Standard Release|Any CPU
		{15736059-3492-4199-9153-C24B7AD83BD9}.Standard Release|x86.ActiveCfg = Standard Release|Any CPU
		{15736059-3492-4199-9153-C24B7AD83BD9}.Standard Release|x86.Build.0 = Standard Release|Any CPU
		{463CB338-3941-4976-8AF0-C3D04D20A921}.Debug|Any CPU.ActiveCfg = Debug
		{463CB338-3941-4976-8AF0-C3D04D20A921}.Debug|ARM.ActiveCfg = Debug
		{463CB338-3941-4976-8AF0-C3D04D20A921}.Debug|x64.ActiveCfg = Debug
		{463CB338-3941-4976-8AF0-C3D04D20A921}.Debug|x86.ActiveCfg = Debug
		{463CB338-3941-4976-8AF0-C3D04D20A921}.Release|Any CPU.ActiveCfg = Release
		{463CB338-3941-4976-8AF0-C3D04D20A921}.Release|Any CPU.Build.0 = Release
		{463CB338-3941-4976-8AF0-C3D04D20A921}.Release|ARM.ActiveCfg = Release
		{463CB338-3941-4976-8AF0-C3D04D20A921}.Release|x64.ActiveCfg = Release
		{463CB338-3941-4976-8AF0-C3D04D20A921}.Release|x86.ActiveCfg = Release
		{463CB338-3941-4976-8AF0-C3D04D20A921}.Standard Release|Any CPU.ActiveCfg = Standard Release
		{463CB338-3941-4976-8AF0-C3D04D20A921}.Standard Release|Any CPU.Build.0 = Standard Release
		{463CB338-3941-4976-8AF0-C3D04D20A921}.Standard Release|ARM.ActiveCfg = Standard Release
		{463CB338-3941-4976-8AF0-C3D04D20A921}.Standard Release|ARM.Build.0 = Standard Release
		{463CB338-3941-4976-8AF0-C3D04D20A921}.Standard Release|x64.ActiveCfg = Standard Release
		{463CB338-3941-4976-8AF0-C3D04D20A921}.Standard Release|x64.Build.0 = Standard Release
		{463CB338-3941-4976-8AF0-C3D04D20A921}.Standard Release|x86.ActiveCfg = Standard Release
		{463CB338-3941-4976-8AF0-C3D04D20A921}.Standard Release|x86.Build.0 = Standard Release
		{3E8BC905-7976-40CF-A27D-CE835361C76F}.Debug|Any CPU.ActiveCfg = Debug|x86
		{3E8BC905-7976-40CF-A27D-CE835361C76F}.Debug|Any CPU.Build.0 = Debug|x86
		{3E8BC905-7976-40CF-A27D-CE835361C76F}.Debug|Any CPU.Deploy.0 = Debug|x86
		{3E8BC905-7976-40CF-A27D-CE835361C76F}.Debug|ARM.ActiveCfg = Debug|ARM
		{3E8BC905-7976-40CF-A27D-CE835361C76F}.Debug|ARM.Build.0 = Debug|ARM
		{3E8BC905-7976-40CF-A27D-CE835361C76F}.Debug|ARM.Deploy.0 = Debug|ARM
		{3E8BC905-7976-40CF-A27D-CE835361C76F}.Debug|x64.ActiveCfg = Debug|x64
		{3E8BC905-7976-40CF-A27D-CE835361C76F}.Debug|x64.Build.0 = Debug|x64
		{3E8BC905-7976-40CF-A27D-CE835361C76F}.Debug|x64.Deploy.0 = Debug|x64
		{3E8BC905-7976-40CF-A27D-CE835361C76F}.Debug|x86.ActiveCfg = Debug|x86
		{3E8BC905-7976-40CF-A27D-CE835361C76F}.Debug|x86.Build.0 = Debug|x86
		{3E8BC905-7976-40CF-A27D-CE835361C76F}.Debug|x86.Deploy.0 = Debug|x86
		{3E8BC905-7976-40CF-A27D-CE835361C76F}.Release|Any CPU.ActiveCfg = Release|x86
		{3E8BC905-7976-40CF-A27D-CE835361C76F}.Release|ARM.ActiveCfg = Release|ARM
		{3E8BC905-7976-40CF-A27D-CE835361C76F}.Release|ARM.Build.0 = Release|ARM
		{3E8BC905-7976-40CF-A27D-CE835361C76F}.Release|ARM.Deploy.0 = Release|ARM
		{3E8BC905-7976-40CF-A27D-CE835361C76F}.Release|x64.ActiveCfg = Release|x64
		{3E8BC905-7976-40CF-A27D-CE835361C76F}.Release|x64.Build.0 = Release|x64
		{3E8BC905-7976-40CF-A27D-CE835361C76F}.Release|x64.Deploy.0 = Release|x64
		{3E8BC905-7976-40CF-A27D-CE835361C76F}.Release|x86.ActiveCfg = Release|x86
		{3E8BC905-7976-40CF-A27D-CE835361C76F}.Release|x86.Build.0 = Release|x86
		{3E8BC905-7976-40CF-A27D-CE835361C76F}.Release|x86.Deploy.0 = Release|x86
		{3E8BC905-7976-40CF-A27D-CE835361C76F}.Standard Release|Any CPU.ActiveCfg = Standard Release|x86
		{3E8BC905-7976-40CF-A27D-CE835361C76F}.Standard Release|ARM.ActiveCfg = Standard Release|ARM
		{3E8BC905-7976-40CF-A27D-CE835361C76F}.Standard Release|ARM.Deploy.0 = Standard Release|ARM
		{3E8BC905-7976-40CF-A27D-CE835361C76F}.Standard Release|x64.ActiveCfg = Standard Release|x64
		{3E8BC905-7976-40CF-A27D-CE835361C76F}.Standard Release|x64.Deploy.0 = Standard Release|x64
		{3E8BC905-7976-40CF-A27D-CE835361C76F}.Standard Release|x86.ActiveCfg = Standard Release|x86
		{3E8BC905-7976-40CF-A27D-CE835361C76F}.Standard Release|x86.Deploy.0 = Standard Release|x86
	EndGlobalSection
	GlobalSection(SolutionProperties) = preSolution
		HideSolutionNode = FALSE
	EndGlobalSection
EndGlobal
