
Microsoft Visual Studio Solution File, Format Version 12.00
# Visual Studio 14
VisualStudioVersion = 14.0.24720.0
MinimumVisualStudioVersion = 10.0.40219.1
Project("{FAE04EC0-301F-11D3-BF4B-00C04F79EFBC}") = "searchIEEE", "searchIEEE\searchIEEE.csproj", "{4C85B4BB-0263-4091-B8E9-59DE0D83F5B5}"
EndProject
Project("{54435603-DBB4-11D2-8724-00A0C9A8B90C}") = "searchIEEE-Setup", "searchIEEE-Setup\searchIEEE-Setup.vdproj", "{E5F40BBF-0A9E-4012-AA3C-83CA983C984C}"
EndProject
Project("{FAE04EC0-301F-11D3-BF4B-00C04F79EFBC}") = "searchIEEE-Console", "searchIEEE-Console\searchIEEE-Console.csproj", "{E431A178-3D36-44E1-9E32-8876CBCE6CCC}"
EndProject
Global
	GlobalSection(SolutionConfigurationPlatforms) = preSolution
		Debug|Any CPU = Debug|Any CPU
		Debug|ARM = Debug|ARM
		Debug|x64 = Debug|x64
		Debug|x86 = Debug|x86
		Release|Any CPU = Release|Any CPU
		Release|ARM = Release|ARM
		Release|x64 = Release|x64
		Release|x86 = Release|x86
	EndGlobalSection
	GlobalSection(ProjectConfigurationPlatforms) = postSolution
		{4C85B4BB-0263-4091-B8E9-59DE0D83F5B5}.Debug|Any CPU.ActiveCfg = Debug|Any CPU
		{4C85B4BB-0263-4091-B8E9-59DE0D83F5B5}.Debug|Any CPU.Build.0 = Debug|Any CPU
		{4C85B4BB-0263-4091-B8E9-59DE0D83F5B5}.Debug|ARM.ActiveCfg = Debug|Any CPU
		{4C85B4BB-0263-4091-B8E9-59DE0D83F5B5}.Debug|ARM.Build.0 = Debug|Any CPU
		{4C85B4BB-0263-4091-B8E9-59DE0D83F5B5}.Debug|x64.ActiveCfg = Debug|Any CPU
		{4C85B4BB-0263-4091-B8E9-59DE0D83F5B5}.Debug|x64.Build.0 = Debug|Any CPU
		{4C85B4BB-0263-4091-B8E9-59DE0D83F5B5}.Debug|x86.ActiveCfg = Debug|Any CPU
		{4C85B4BB-0263-4091-B8E9-59DE0D83F5B5}.Debug|x86.Build.0 = Debug|Any CPU
		{4C85B4BB-0263-4091-B8E9-59DE0D83F5B5}.Release|Any CPU.ActiveCfg = Release|Any CPU
		{4C85B4BB-0263-4091-B8E9-59DE0D83F5B5}.Release|Any CPU.Build.0 = Release|Any CPU
		{4C85B4BB-0263-4091-B8E9-59DE0D83F5B5}.Release|ARM.ActiveCfg = Release|Any CPU
		{4C85B4BB-0263-4091-B8E9-59DE0D83F5B5}.Release|ARM.Build.0 = Release|Any CPU
		{4C85B4BB-0263-4091-B8E9-59DE0D83F5B5}.Release|x64.ActiveCfg = Release|Any CPU
		{4C85B4BB-0263-4091-B8E9-59DE0D83F5B5}.Release|x64.Build.0 = Release|Any CPU
		{4C85B4BB-0263-4091-B8E9-59DE0D83F5B5}.Release|x86.ActiveCfg = Release|Any CPU
		{4C85B4BB-0263-4091-B8E9-59DE0D83F5B5}.Release|x86.Build.0 = Release|Any CPU
		{E5F40BBF-0A9E-4012-AA3C-83CA983C984C}.Debug|Any CPU.ActiveCfg = Debug
		{E5F40BBF-0A9E-4012-AA3C-83CA983C984C}.Debug|ARM.ActiveCfg = Debug
		{E5F40BBF-0A9E-4012-AA3C-83CA983C984C}.Debug|x64.ActiveCfg = Debug
		{E5F40BBF-0A9E-4012-AA3C-83CA983C984C}.Debug|x86.ActiveCfg = Debug
		{E5F40BBF-0A9E-4012-AA3C-83CA983C984C}.Release|Any CPU.ActiveCfg = Release
		{E5F40BBF-0A9E-4012-AA3C-83CA983C984C}.Release|ARM.ActiveCfg = Release
		{E5F40BBF-0A9E-4012-AA3C-83CA983C984C}.Release|x64.ActiveCfg = Release
		{E5F40BBF-0A9E-4012-AA3C-83CA983C984C}.Release|x86.ActiveCfg = Release
		{E431A178-3D36-44E1-9E32-8876CBCE6CCC}.Debug|Any CPU.ActiveCfg = Debug|Any CPU
		{E431A178-3D36-44E1-9E32-8876CBCE6CCC}.Debug|Any CPU.Build.0 = Debug|Any CPU
		{E431A178-3D36-44E1-9E32-8876CBCE6CCC}.Debug|ARM.ActiveCfg = Debug|Any CPU
		{E431A178-3D36-44E1-9E32-8876CBCE6CCC}.Debug|ARM.Build.0 = Debug|Any CPU
		{E431A178-3D36-44E1-9E32-8876CBCE6CCC}.Debug|x64.ActiveCfg = Debug|Any CPU
		{E431A178-3D36-44E1-9E32-8876CBCE6CCC}.Debug|x64.Build.0 = Debug|Any CPU
		{E431A178-3D36-44E1-9E32-8876CBCE6CCC}.Debug|x86.ActiveCfg = Debug|Any CPU
		{E431A178-3D36-44E1-9E32-8876CBCE6CCC}.Debug|x86.Build.0 = Debug|Any CPU
		{E431A178-3D36-44E1-9E32-8876CBCE6CCC}.Release|Any CPU.ActiveCfg = Release|Any CPU
		{E431A178-3D36-44E1-9E32-8876CBCE6CCC}.Release|Any CPU.Build.0 = Release|Any CPU
		{E431A178-3D36-44E1-9E32-8876CBCE6CCC}.Release|ARM.ActiveCfg = Release|Any CPU
		{E431A178-3D36-44E1-9E32-8876CBCE6CCC}.Release|ARM.Build.0 = Release|Any CPU
		{E431A178-3D36-44E1-9E32-8876CBCE6CCC}.Release|x64.ActiveCfg = Release|Any CPU
		{E431A178-3D36-44E1-9E32-8876CBCE6CCC}.Release|x64.Build.0 = Release|Any CPU
		{E431A178-3D36-44E1-9E32-8876CBCE6CCC}.Release|x86.ActiveCfg = Release|Any CPU
		{E431A178-3D36-44E1-9E32-8876CBCE6CCC}.Release|x86.Build.0 = Release|Any CPU
	EndGlobalSection
	GlobalSection(SolutionProperties) = preSolution
		HideSolutionNode = FALSE
	EndGlobalSection
EndGlobal
